
Microsoft Visual Studio Solution File, Format Version 12.00
# Visual Studio Version 17
VisualStudioVersion = 17.11.35312.102
MinimumVisualStudioVersion = 10.0.40219.1
Project("{9A19103F-16F7-4668-BE54-9A1E7A4F7556}") = "pipelines-dotnet-core", "pipelines-dotnet-core.csproj", "{BABBB6AD-2F17-4E3C-959B-844E0DFA4CE3}"
EndProject
Global
	GlobalSection(SolutionConfigurationPlatforms) = preSolution
		Debug|Any CPU = Debug|Any CPU
		Release|Any CPU = Release|Any CPU
	EndGlobalSection
	GlobalSection(ProjectConfigurationPlatforms) = postSolution
		{BABBB6AD-2F17-4E3C-959B-844E0DFA4CE3}.Debug|Any CPU.ActiveCfg = Debug|Any CPU
		{BABBB6AD-2F17-4E3C-959B-844E0DFA4CE3}.Debug|Any CPU.Build.0 = Debug|Any CPU
		{BABBB6AD-2F17-4E3C-959B-844E0DFA4CE3}.Release|Any CPU.ActiveCfg = Release|Any CPU
		{BABBB6AD-2F17-4E3C-959B-844E0DFA4CE3}.Release|Any CPU.Build.0 = Release|Any CPU
	EndGlobalSection
	GlobalSection(SolutionProperties) = preSolution
		HideSolutionNode = FALSE
	EndGlobalSection
	GlobalSection(ExtensibilityGlobals) = postSolution
		SolutionGuid = {874C9837-0CAA-493B-B9D0-E6972471D313}
	EndGlobalSection
EndGlobal
